
Microsoft Visual Studio Solution File, Format Version 12.00
# Visual Studio Version 17
VisualStudioVersion = 17.3.32811.315
MinimumVisualStudioVersion = 10.0.40219.1
Project("{FAE04EC0-301F-11D3-BF4B-00C04F79EFBC}") = "Aldo", "Aldo\Aldo.csproj", "{59936BDD-C813-4483-8910-3EC5C8A7A16D}"
EndProject
Global
	GlobalSection(SolutionConfigurationPlatforms) = preSolution
		Debug|Any CPU = Debug|Any CPU
		Release|Any CPU = Release|Any CPU
	EndGlobalSection
	GlobalSection(ProjectConfigurationPlatforms) = postSolution
		{59936BDD-C813-4483-8910-3EC5C8A7A16D}.Debug|Any CPU.ActiveCfg = Debug|Any CPU
		{59936BDD-C813-4483-8910-3EC5C8A7A16D}.Debug|Any CPU.Build.0 = Debug|Any CPU
		{59936BDD-C813-4483-8910-3EC5C8A7A16D}.Release|Any CPU.ActiveCfg = Release|Any CPU
		{59936BDD-C813-4483-8910-3EC5C8A7A16D}.Release|Any CPU.Build.0 = Release|Any CPU
	EndGlobalSection
	GlobalSection(SolutionProperties) = preSolution
		HideSolutionNode = FALSE
	EndGlobalSection
	GlobalSection(ExtensibilityGlobals) = postSolution
		SolutionGuid = {5C683511-C185-4AAC-BC7E-E2A518A52A61}
	EndGlobalSection
EndGlobal
